
Microsoft Visual Studio Solution File, Format Version 12.00
# Visual Studio Version 16
VisualStudioVersion = 16.0.29728.190
MinimumVisualStudioVersion = 10.0.40219.1
Project("{9A19103F-16F7-4668-BE54-9A1E7A4F7556}") = "WebApp", "src\WebApp\WebApp.csproj", "{6789FE8E-8177-4C07-B648-A0937864DB9B}"
EndProject
Project("{9A19103F-16F7-4668-BE54-9A1E7A4F7556}") = "WebApp.IntegrationTests", "test\WebApp.IntegrationTests\WebApp.IntegrationTests.csproj", "{67EDCA0F-48BE-4FAC-9095-077978DE261B}"
EndProject
Project("{9A19103F-16F7-4668-BE54-9A1E7A4F7556}") = "Dal.MongoDb", "src\Dal.MongoDb\Dal.MongoDb.csproj", "{6203FB8F-2E85-4961-926C-43A75F2BADA8}"
EndProject
Project("{9A19103F-16F7-4668-BE54-9A1E7A4F7556}") = "Domain", "src\Domain\Domain.csproj", "{74CECF5E-60E0-49E3-AE2D-62B2719CFDF6}"
EndProject
Project("{2150E333-8FDC-42A3-9474-1A3956D46DE8}") = "0 - Solution Items", "0 - Solution Items", "{1814F3ED-95B4-49F6-9253-F8306FCA55E5}"
	ProjectSection(SolutionItems) = preProject
		.editorconfig = .editorconfig
		.azure\pipelines\ci.yml = .azure\pipelines\ci.yml
		CodeCoverage.runsettings = CodeCoverage.runsettings
		docker-compose.yml = docker-compose.yml
		.azure\pipelines\pkg.yml = .azure\pipelines\pkg.yml
		README.md = README.md
	EndProjectSection
EndProject
Global
	GlobalSection(SolutionConfigurationPlatforms) = preSolution
		Debug|Any CPU = Debug|Any CPU
		Release|Any CPU = Release|Any CPU
	EndGlobalSection
	GlobalSection(ProjectConfigurationPlatforms) = postSolution
		{6789FE8E-8177-4C07-B648-A0937864DB9B}.Debug|Any CPU.ActiveCfg = Debug|Any CPU
		{6789FE8E-8177-4C07-B648-A0937864DB9B}.Debug|Any CPU.Build.0 = Debug|Any CPU
		{6789FE8E-8177-4C07-B648-A0937864DB9B}.Release|Any CPU.ActiveCfg = Release|Any CPU
		{6789FE8E-8177-4C07-B648-A0937864DB9B}.Release|Any CPU.Build.0 = Release|Any CPU
		{67EDCA0F-48BE-4FAC-9095-077978DE261B}.Debug|Any CPU.ActiveCfg = Debug|Any CPU
		{67EDCA0F-48BE-4FAC-9095-077978DE261B}.Debug|Any CPU.Build.0 = Debug|Any CPU
		{67EDCA0F-48BE-4FAC-9095-077978DE261B}.Release|Any CPU.ActiveCfg = Release|Any CPU
		{67EDCA0F-48BE-4FAC-9095-077978DE261B}.Release|Any CPU.Build.0 = Release|Any CPU
		{6203FB8F-2E85-4961-926C-43A75F2BADA8}.Debug|Any CPU.ActiveCfg = Debug|Any CPU
		{6203FB8F-2E85-4961-926C-43A75F2BADA8}.Debug|Any CPU.Build.0 = Debug|Any CPU
		{6203FB8F-2E85-4961-926C-43A75F2BADA8}.Release|Any CPU.ActiveCfg = Release|Any CPU
		{6203FB8F-2E85-4961-926C-43A75F2BADA8}.Release|Any CPU.Build.0 = Release|Any CPU
		{74CECF5E-60E0-49E3-AE2D-62B2719CFDF6}.Debug|Any CPU.ActiveCfg = Debug|Any CPU
		{74CECF5E-60E0-49E3-AE2D-62B2719CFDF6}.Debug|Any CPU.Build.0 = Debug|Any CPU
		{74CECF5E-60E0-49E3-AE2D-62B2719CFDF6}.Release|Any CPU.ActiveCfg = Release|Any CPU
		{74CECF5E-60E0-49E3-AE2D-62B2719CFDF6}.Release|Any CPU.Build.0 = Release|Any CPU
	EndGlobalSection
	GlobalSection(SolutionProperties) = preSolution
		HideSolutionNode = FALSE
	EndGlobalSection
	GlobalSection(ExtensibilityGlobals) = postSolution
		SolutionGuid = {5BFC15C2-5C66-40A4-B73A-4BB4F67567B3}
	EndGlobalSection
EndGlobal
